
Microsoft Visual Studio Solution File, Format Version 12.00
# Visual Studio Version 16
VisualStudioVersion = 16.0.30204.135
MinimumVisualStudioVersion = 10.0.40219.1
Project("{9A19103F-16F7-4668-BE54-9A1E7A4F7556}") = "ImageRename", "ImageRename\ImageRename.csproj", "{029F897D-D354-42C6-A451-AB2396BD1F5A}"
EndProject
Global
	GlobalSection(SolutionConfigurationPlatforms) = preSolution
		Debug|Any CPU = Debug|Any CPU
		Release|Any CPU = Release|Any CPU
	EndGlobalSection
	GlobalSection(ProjectConfigurationPlatforms) = postSolution
		{029F897D-D354-42C6-A451-AB2396BD1F5A}.Debug|Any CPU.ActiveCfg = Debug|Any CPU
		{029F897D-D354-42C6-A451-AB2396BD1F5A}.Debug|Any CPU.Build.0 = Debug|Any CPU
		{029F897D-D354-42C6-A451-AB2396BD1F5A}.Release|Any CPU.ActiveCfg = Release|Any CPU
		{029F897D-D354-42C6-A451-AB2396BD1F5A}.Release|Any CPU.Build.0 = Release|Any CPU
	EndGlobalSection
	GlobalSection(SolutionProperties) = preSolution
		HideSolutionNode = FALSE
	EndGlobalSection
	GlobalSection(ExtensibilityGlobals) = postSolution
		SolutionGuid = {F65B1699-555F-4ECA-9CFC-C8C84DFC069C}
	EndGlobalSection
EndGlobal
